{
  "nodes": {
    "nixpkgs": {
      "locked": {
        "lastModified": 1770506445,
        "narHash": "sha256-tgIcfZxs8+akzNsnx9PI+yZHfC8LcdsXurHQrIIDNwE=",
        "owner": "NixOS",
        "repo": "nixpkgs",
        "rev": "50638d3b12eaff28706244b40ce36821b92fae48",
        "type": "github"
      },
      "original": {
        "owner": "NixOS",
        "repo": "nixpkgs",
        "type": "github"
      }
    },
    "qtengine": {
      "inputs": {
        "nixpkgs": [
          "nixpkgs"
        ]
      },
      "locked": {
        "lastModified": 1769015610,
        "narHash": "sha256-Uvrb9lpTW77sJvsgO7o2U/BmSAbD8IDdUr9bGmIKtt8=",
        "owner": "kossLAN",
        "repo": "qtengine",
        "rev": "10d61da0369c123d8bde94ffc6b60441e5e7c2f3",
        "type": "github"
      },
      "original": {
        "owner": "kossLAN",
        "repo": "qtengine",
        "type": "github"
      }
    },
    "quickshell": {
      "inputs": {
        "nixpkgs": [
          "nixpkgs"
        ]
      },
      "locked": {
        "lastModified": 1770693276,
        "narHash": "sha256-ngXnN5YXu+f45+QGYNN/VEBMQmcBCYGRCqwaK8cxY1s=",
        "owner": "outfoxxed",
        "repo": "quickshell",
        "rev": "dacfa9de829ac7cb173825f593236bf2c21f637e",
        "type": "github"
      },
      "original": {
        "owner": "outfoxxed",
        "repo": "quickshell",
        "type": "github"
      }
    },
    "root": {
      "inputs": {
        "nixpkgs": "nixpkgs",
        "qtengine": "qtengine",
        "quickshell": "quickshell"
      }
    }
  },
  "root": "root",
  "version": 7
}
